
Microsoft Visual Studio Solution File, Format Version 12.00
# Visual Studio Version 17
VisualStudioVersion = 17.6.33717.318
MinimumVisualStudioVersion = 10.0.40219.1
Project("{FAE04EC0-301F-11D3-BF4B-00C04F79EFBC}") = "GestorBD", "GestorBD\GestorBD.csproj", "{F63E8B0C-9F57-4687-B16B-F106514BCACA}"
EndProject
Global
	GlobalSection(SolutionConfigurationPlatforms) = preSolution
		Debug|Any CPU = Debug|Any CPU
		Release|Any CPU = Release|Any CPU
	EndGlobalSection
	GlobalSection(ProjectConfigurationPlatforms) = postSolution
		{F63E8B0C-9F57-4687-B16B-F106514BCACA}.Debug|Any CPU.ActiveCfg = Debug|Any CPU
		{F63E8B0C-9F57-4687-B16B-F106514BCACA}.Debug|Any CPU.Build.0 = Debug|Any CPU
		{F63E8B0C-9F57-4687-B16B-F106514BCACA}.Release|Any CPU.ActiveCfg = Release|Any CPU
		{F63E8B0C-9F57-4687-B16B-F106514BCACA}.Release|Any CPU.Build.0 = Release|Any CPU
	EndGlobalSection
	GlobalSection(SolutionProperties) = preSolution
		HideSolutionNode = FALSE
	EndGlobalSection
	GlobalSection(ExtensibilityGlobals) = postSolution
		SolutionGuid = {5D91623A-FCC3-455E-A686-F0BAC17A975A}
	EndGlobalSection
EndGlobal
